// !$*UTF8*$!
{
	archiveVersion = 1;
	classes = {
	};
	objectVersion = 46;
	objects = {

/* Begin PBXBuildFile section */
		A06686C12EE3D9A7D202C3D7 /* Pods_lightshow.framework in Frameworks */ = {isa = PBXBuildFile; fileRef = EDABB0CA8D986FC163EAA39A /* Pods_lightshow.framework */; };
		BE815B2E1C6EAE7C00AD9128 /* AppDelegate.swift in Sources */ = {isa = PBXBuildFile; fileRef = BE815B2D1C6EAE7C00AD9128 /* AppDelegate.swift */; };
		BE815B301C6EAE7C00AD9128 /* ViewController.swift in Sources */ = {isa = PBXBuildFile; fileRef = BE815B2F1C6EAE7C00AD9128 /* ViewController.swift */; };
		BE815B321C6EAE7C00AD9128 /* Assets.xcassets in Resources */ = {isa = PBXBuildFile; fileRef = BE815B311C6EAE7C00AD9128 /* Assets.xcassets */; };
		BE815B351C6EAE7C00AD9128 /* Main.storyboard in Resources */ = {isa = PBXBuildFile; fileRef = BE815B331C6EAE7C00AD9128 /* Main.storyboard */; };
		BE815B401C6EAE7D00AD9128 /* lightshowTests.swift in Sources */ = {isa = PBXBuildFile; fileRef = BE815B3F1C6EAE7D00AD9128 /* lightshowTests.swift */; };
		BE815B4B1C6EAE7D00AD9128 /* lightshowUITests.swift in Sources */ = {isa = PBXBuildFile; fileRef = BE815B4A1C6EAE7D00AD9128 /* lightshowUITests.swift */; };
		BE815B651C6EB51E00AD9128 /* magnets.mp3 in Resources */ = {isa = PBXBuildFile; fileRef = BE815B641C6EB51E00AD9128 /* magnets.mp3 */; };
		BE8EED181C6ED67B005E3092 /* WaveformOverlayView.swift in Sources */ = {isa = PBXBuildFile; fileRef = BE8EED171C6ED67B005E3092 /* WaveformOverlayView.swift */; };
/* End PBXBuildFile section */

/* Begin PBXContainerItemProxy section */
		BE815B3C1C6EAE7D00AD9128 /* PBXContainerItemProxy */ = {
			isa = PBXContainerItemProxy;
			containerPortal = BE815B221C6EAE7C00AD9128 /* Project object */;
			proxyType = 1;
			remoteGlobalIDString = BE815B291C6EAE7C00AD9128;
			remoteInfo = lightshow;
		};
		BE815B471C6EAE7D00AD9128 /* PBXContainerItemProxy */ = {
			isa = PBXContainerItemProxy;
			containerPortal = BE815B221C6EAE7C00AD9128 /* Project object */;
			proxyType = 1;
			remoteGlobalIDString = BE815B291C6EAE7C00AD9128;
			remoteInfo = lightshow;
		};
/* End PBXContainerItemProxy section */

/* Begin PBXFileReference section */
		799229B5D0A9FAAB54E0F07A /* Pods-lightshow.debug.xcconfig */ = {isa = PBXFileReference; includeInIndex = 1; lastKnownFileType = text.xcconfig; name = "Pods-lightshow.debug.xcconfig"; path = "Pods/Target Support Files/Pods-lightshow/Pods-lightshow.debug.xcconfig"; sourceTree = "<group>"; };
		BE815B2A1C6EAE7C00AD9128 /* lightshow.app */ = {isa = PBXFileReference; explicitFileType = wrapper.application; includeInIndex = 0; path = lightshow.app; sourceTree = BUILT_PRODUCTS_DIR; };
		BE815B2D1C6EAE7C00AD9128 /* AppDelegate.swift */ = {isa = PBXFileReference; lastKnownFileType = sourcecode.swift; path = AppDelegate.swift; sourceTree = "<group>"; };
		BE815B2F1C6EAE7C00AD9128 /* ViewController.swift */ = {isa = PBXFileReference; lastKnownFileType = sourcecode.swift; path = ViewController.swift; sourceTree = "<group>"; };
		BE815B311C6EAE7C00AD9128 /* Assets.xcassets */ = {isa = PBXFileReference; lastKnownFileType = folder.assetcatalog; path = Assets.xcassets; sourceTree = "<group>"; };
		BE815B341C6EAE7C00AD9128 /* Base */ = {isa = PBXFileReference; lastKnownFileType = file.storyboard; name = Base; path = Base.lproj/Main.storyboard; sourceTree = "<group>"; };
		BE815B361C6EAE7C00AD9128 /* Info.plist */ = {isa = PBXFileReference; lastKnownFileType = text.plist.xml; path = Info.plist; sourceTree = "<group>"; };
		BE815B3B1C6EAE7D00AD9128 /* lightshowTests.xctest */ = {isa = PBXFileReference; explicitFileType = wrapper.cfbundle; includeInIndex = 0; path = lightshowTests.xctest; sourceTree = BUILT_PRODUCTS_DIR; };
		BE815B3F1C6EAE7D00AD9128 /* lightshowTests.swift */ = {isa = PBXFileReference; lastKnownFileType = sourcecode.swift; path = lightshowTests.swift; sourceTree = "<group>"; };
		BE815B411C6EAE7D00AD9128 /* Info.plist */ = {isa = PBXFileReference; lastKnownFileType = text.plist.xml; path = Info.plist; sourceTree = "<group>"; };
		BE815B461C6EAE7D00AD9128 /* lightshowUITests.xctest */ = {isa = PBXFileReference; explicitFileType = wrapper.cfbundle; includeInIndex = 0; path = lightshowUITests.xctest; sourceTree = BUILT_PRODUCTS_DIR; };
		BE815B4A1C6EAE7D00AD9128 /* lightshowUITests.swift */ = {isa = PBXFileReference; lastKnownFileType = sourcecode.swift; path = lightshowUITests.swift; sourceTree = "<group>"; };
		BE815B4C1C6EAE7D00AD9128 /* Info.plist */ = {isa = PBXFileReference; lastKnownFileType = text.plist.xml; path = Info.plist; sourceTree = "<group>"; };
		BE815B631C6EB4C000AD9128 /* lightshow-Bridging-Header.h */ = {isa = PBXFileReference; fileEncoding = 4; lastKnownFileType = sourcecode.c.h; path = "lightshow-Bridging-Header.h"; sourceTree = "<group>"; };
		BE815B641C6EB51E00AD9128 /* magnets.mp3 */ = {isa = PBXFileReference; lastKnownFileType = audio.mp3; path = magnets.mp3; sourceTree = "<group>"; };
		BE8EED171C6ED67B005E3092 /* WaveformOverlayView.swift */ = {isa = PBXFileReference; fileEncoding = 4; lastKnownFileType = sourcecode.swift; path = WaveformOverlayView.swift; sourceTree = "<group>"; };
		EDABB0CA8D986FC163EAA39A /* Pods_lightshow.framework */ = {isa = PBXFileReference; explicitFileType = wrapper.framework; includeInIndex = 0; path = Pods_lightshow.framework; sourceTree = BUILT_PRODUCTS_DIR; };
		EF148DAD9D0A64C3D2B718CA /* Pods-lightshow.release.xcconfig */ = {isa = PBXFileReference; includeInIndex = 1; lastKnownFileType = text.xcconfig; name = "Pods-lightshow.release.xcconfig"; path = "Pods/Target Support Files/Pods-lightshow/Pods-lightshow.release.xcconfig"; sourceTree = "<group>"; };
/* End PBXFileReference section */

/* Begin PBXFrameworksBuildPhase section */
		BE815B271C6EAE7C00AD9128 /* Frameworks */ = {
			isa = PBXFrameworksBuildPhase;
			buildActionMask = 2147483647;
			files = (
				A06686C12EE3D9A7D202C3D7 /* Pods_lightshow.framework in Frameworks */,
			);
			runOnlyForDeploymentPostprocessing = 0;
		};
		BE815B381C6EAE7D00AD9128 /* Frameworks */ = {
			isa = PBXFrameworksBuildPhase;
			buildActionMask = 2147483647;
			files = (
			);
			runOnlyForDeploymentPostprocessing = 0;
		};
		BE815B431C6EAE7D00AD9128 /* Frameworks */ = {
			isa = PBXFrameworksBuildPhase;
			buildActionMask = 2147483647;
			files = (
			);
			runOnlyForDeploymentPostprocessing = 0;
		};
/* End PBXFrameworksBuildPhase section */

/* Begin PBXGroup section */
		BE815B211C6EAE7C00AD9128 = {
			isa = PBXGroup;
			children = (
				BE815B2C1C6EAE7C00AD9128 /* lightshow */,
				BE815B3E1C6EAE7D00AD9128 /* lightshowTests */,
				BE815B491C6EAE7D00AD9128 /* lightshowUITests */,
				BE815B2B1C6EAE7C00AD9128 /* Products */,
				EA68345B2B074F1EC801AAAF /* Pods */,
				CE98915AD0109656E9D654F6 /* Frameworks */,
			);
			sourceTree = "<group>";
		};
		BE815B2B1C6EAE7C00AD9128 /* Products */ = {
			isa = PBXGroup;
			children = (
				BE815B2A1C6EAE7C00AD9128 /* lightshow.app */,
				BE815B3B1C6EAE7D00AD9128 /* lightshowTests.xctest */,
				BE815B461C6EAE7D00AD9128 /* lightshowUITests.xctest */,
			);
			name = Products;
			sourceTree = "<group>";
		};
		BE815B2C1C6EAE7C00AD9128 /* lightshow */ = {
			isa = PBXGroup;
			children = (
				BE815B641C6EB51E00AD9128 /* magnets.mp3 */,
				BE815B2D1C6EAE7C00AD9128 /* AppDelegate.swift */,
				BE815B2F1C6EAE7C00AD9128 /* ViewController.swift */,
				BE815B311C6EAE7C00AD9128 /* Assets.xcassets */,
				BE815B331C6EAE7C00AD9128 /* Main.storyboard */,
				BE815B361C6EAE7C00AD9128 /* Info.plist */,
				BE815B631C6EB4C000AD9128 /* lightshow-Bridging-Header.h */,
				BE8EED171C6ED67B005E3092 /* WaveformOverlayView.swift */,
			);
			path = lightshow;
			sourceTree = "<group>";
		};
		BE815B3E1C6EAE7D00AD9128 /* lightshowTests */ = {
			isa = PBXGroup;
			children = (
				BE815B3F1C6EAE7D00AD9128 /* lightshowTests.swift */,
				BE815B411C6EAE7D00AD9128 /* Info.plist */,
			);
			path = lightshowTests;
			sourceTree = "<group>";
		};
		BE815B491C6EAE7D00AD9128 /* lightshowUITests */ = {
			isa = PBXGroup;
			children = (
				BE815B4A1C6EAE7D00AD9128 /* lightshowUITests.swift */,
				BE815B4C1C6EAE7D00AD9128 /* Info.plist */,
			);
			path = lightshowUITests;
			sourceTree = "<group>";
		};
		CE98915AD0109656E9D654F6 /* Frameworks */ = {
			isa = PBXGroup;
			children = (
				EDABB0CA8D986FC163EAA39A /* Pods_lightshow.framework */,
			);
			name = Frameworks;
			sourceTree = "<group>";
		};
		EA68345B2B074F1EC801AAAF /* Pods */ = {
			isa = PBXGroup;
			children = (
				799229B5D0A9FAAB54E0F07A /* Pods-lightshow.debug.xcconfig */,
				EF148DAD9D0A64C3D2B718CA /* Pods-lightshow.release.xcconfig */,
			);
			name = Pods;
			sourceTree = "<group>";
		};
/* End PBXGroup section */

/* Begin PBXNativeTarget section */
		BE815B291C6EAE7C00AD9128 /* lightshow */ = {
			isa = PBXNativeTarget;
			buildConfigurationList = BE815B4F1C6EAE7D00AD9128 /* Build configuration list for PBXNativeTarget "lightshow" */;
			buildPhases = (
				2EF72C87602ED13C20D5575B /* Check Pods Manifest.lock */,
				BE815B261C6EAE7C00AD9128 /* Sources */,
				BE815B271C6EAE7C00AD9128 /* Frameworks */,
				BE815B281C6EAE7C00AD9128 /* Resources */,
				7C6B41BCDFE3EF1ACAC588F0 /* Embed Pods Frameworks */,
				88F4A3CEFAF19F542B2BAF98 /* Copy Pods Resources */,
			);
			buildRules = (
			);
			dependencies = (
			);
			name = lightshow;
			productName = lightshow;
			productReference = BE815B2A1C6EAE7C00AD9128 /* lightshow.app */;
			productType = "com.apple.product-type.application";
		};
		BE815B3A1C6EAE7D00AD9128 /* lightshowTests */ = {
			isa = PBXNativeTarget;
			buildConfigurationList = BE815B521C6EAE7D00AD9128 /* Build configuration list for PBXNativeTarget "lightshowTests" */;
			buildPhases = (
				BE815B371C6EAE7D00AD9128 /* Sources */,
				BE815B381C6EAE7D00AD9128 /* Frameworks */,
				BE815B391C6EAE7D00AD9128 /* Resources */,
			);
			buildRules = (
			);
			dependencies = (
				BE815B3D1C6EAE7D00AD9128 /* PBXTargetDependency */,
			);
			name = lightshowTests;
			productName = lightshowTests;
			productReference = BE815B3B1C6EAE7D00AD9128 /* lightshowTests.xctest */;
			productType = "com.apple.product-type.bundle.unit-test";
		};
		BE815B451C6EAE7D00AD9128 /* lightshowUITests */ = {
			isa = PBXNativeTarget;
			buildConfigurationList = BE815B551C6EAE7D00AD9128 /* Build configuration list for PBXNativeTarget "lightshowUITests" */;
			buildPhases = (
				BE815B421C6EAE7D00AD9128 /* Sources */,
				BE815B431C6EAE7D00AD9128 /* Frameworks */,
				BE815B441C6EAE7D00AD9128 /* Resources */,
			);
			buildRules = (
			);
			dependencies = (
				BE815B481C6EAE7D00AD9128 /* PBXTargetDependency */,
			);
			name = lightshowUITests;
			productName = lightshowUITests;
			productReference = BE815B461C6EAE7D00AD9128 /* lightshowUITests.xctest */;
			productType = "com.apple.product-type.bundle.ui-testing";
		};
/* End PBXNativeTarget section */

/* Begin PBXProject section */
		BE815B221C6EAE7C00AD9128 /* Project object */ = {
			isa = PBXProject;
			attributes = {
				LastSwiftUpdateCheck = 0720;
				LastUpgradeCheck = 0720;
				ORGANIZATIONNAME = "Will Townsend";
				TargetAttributes = {
					BE815B291C6EAE7C00AD9128 = {
						CreatedOnToolsVersion = 7.2.1;
					};
					BE815B3A1C6EAE7D00AD9128 = {
						CreatedOnToolsVersion = 7.2.1;
						TestTargetID = BE815B291C6EAE7C00AD9128;
					};
					BE815B451C6EAE7D00AD9128 = {
						CreatedOnToolsVersion = 7.2.1;
						TestTargetID = BE815B291C6EAE7C00AD9128;
					};
				};
			};
			buildConfigurationList = BE815B251C6EAE7C00AD9128 /* Build configuration list for PBXProject "lightshow" */;
			compatibilityVersion = "Xcode 3.2";
			developmentRegion = English;
			hasScannedForEncodings = 0;
			knownRegions = (
				en,
				Base,
			);
			mainGroup = BE815B211C6EAE7C00AD9128;
			productRefGroup = BE815B2B1C6EAE7C00AD9128 /* Products */;
			projectDirPath = "";
			projectRoot = "";
			targets = (
				BE815B291C6EAE7C00AD9128 /* lightshow */,
				BE815B3A1C6EAE7D00AD9128 /* lightshowTests */,
				BE815B451C6EAE7D00AD9128 /* lightshowUITests */,
			);
		};
/* End PBXProject section */

/* Begin PBXResourcesBuildPhase section */
		BE815B281C6EAE7C00AD9128 /* Resources */ = {
			isa = PBXResourcesBuildPhase;
			buildActionMask = 2147483647;
			files = (
				BE815B321C6EAE7C00AD9128 /* Assets.xcassets in Resources */,
				BE815B651C6EB51E00AD9128 /* magnets.mp3 in Resources */,
				BE815B351C6EAE7C00AD9128 /* Main.storyboard in Resources */,
			);
			runOnlyForDeploymentPostprocessing = 0;
		};
		BE815B391C6EAE7D00AD9128 /* Resources */ = {
			isa = PBXResourcesBuildPhase;
			buildActionMask = 2147483647;
			files = (
			);
			runOnlyForDeploymentPostprocessing = 0;
		};
		BE815B441C6EAE7D00AD9128 /* Resources */ = {
			isa = PBXResourcesBuildPhase;
			buildActionMask = 2147483647;
			files = (
			);
			runOnlyForDeploymentPostprocessing = 0;
		};
/* End PBXResourcesBuildPhase section */

/* Begin PBXShellScriptBuildPhase section */
		2EF72C87602ED13C20D5575B /* Check Pods Manifest.lock */ = {
			isa = PBXShellScriptBuildPhase;
			buildActionMask = 2147483647;
			files = (
			);
			inputPaths = (
			);
			name = "Check Pods Manifest.lock";
			outputPaths = (
			);
			runOnlyForDeploymentPostprocessing = 0;
			shellPath = /bin/sh;
			shellScript = "diff \"${PODS_ROOT}/../Podfile.lock\" \"${PODS_ROOT}/Manifest.lock\" > /dev/null\nif [[ $? != 0 ]] ; then\n    cat << EOM\nerror: The sandbox is not in sync with the Podfile.lock. Run 'pod install' or update your CocoaPods installation.\nEOM\n    exit 1\nfi\n";
			showEnvVarsInLog = 0;
		};
		7C6B41BCDFE3EF1ACAC588F0 /* Embed Pods Frameworks */ = {
			isa = PBXShellScriptBuildPhase;
			buildActionMask = 2147483647;
			files = (
			);
			inputPaths = (
			);
			name = "Embed Pods Frameworks";
			outputPaths = (
			);
			runOnlyForDeploymentPostprocessing = 0;
			shellPath = /bin/sh;
			shellScript = "\"${SRCROOT}/Pods/Target Support Files/Pods-lightshow/Pods-lightshow-frameworks.sh\"\n";
			showEnvVarsInLog = 0;
		};
		88F4A3CEFAF19F542B2BAF98 /* Copy Pods Resources */ = {
			isa = PBXShellScriptBuildPhase;
			buildActionMask = 2147483647;
			files = (
			);
			inputPaths = (
			);
			name = "Copy Pods Resources";
			outputPaths = (
			);
			runOnlyForDeploymentPostprocessing = 0;
			shellPath = /bin/sh;
			shellScript = "\"${SRCROOT}/Pods/Target Support Files/Pods-lightshow/Pods-lightshow-resources.sh\"\n";
			showEnvVarsInLog = 0;
		};
/* End PBXShellScriptBuildPhase section */

/* Begin PBXSourcesBuildPhase section */
		BE815B261C6EAE7C00AD9128 /* Sources */ = {
			isa = PBXSourcesBuildPhase;
			buildActionMask = 2147483647;
			files = (
				BE815B301C6EAE7C00AD9128 /* ViewController.swift in Sources */,
				BE815B2E1C6EAE7C00AD9128 /* AppDelegate.swift in Sources */,
				BE8EED181C6ED67B005E3092 /* WaveformOverlayView.swift in Sources */,
			);
			runOnlyForDeploymentPostprocessing = 0;
		};
		BE815B371C6EAE7D00AD9128 /* Sources */ = {
			isa = PBXSourcesBuildPhase;
			buildActionMask = 2147483647;
			files = (
				BE815B401C6EAE7D00AD9128 /* lightshowTests.swift in Sources */,
			);
			runOnlyForDeploymentPostprocessing = 0;
		};
		BE815B421C6EAE7D00AD9128 /* Sources */ = {
			isa = PBXSourcesBuildPhase;
			buildActionMask = 2147483647;
			files = (
				BE815B4B1C6EAE7D00AD9128 /* lightshowUITests.swift in Sources */,
			);
			runOnlyForDeploymentPostprocessing = 0;
		};
/* End PBXSourcesBuildPhase section */

/* Begin PBXTargetDependency section */
		BE815B3D1C6EAE7D00AD9128 /* PBXTargetDependency */ = {
			isa = PBXTargetDependency;
			target = BE815B291C6EAE7C00AD9128 /* lightshow */;
			targetProxy = BE815B3C1C6EAE7D00AD9128 /* PBXContainerItemProxy */;
		};
		BE815B481C6EAE7D00AD9128 /* PBXTargetDependency */ = {
			isa = PBXTargetDependency;
			target = BE815B291C6EAE7C00AD9128 /* lightshow */;
			targetProxy = BE815B471C6EAE7D00AD9128 /* PBXContainerItemProxy */;
		};
/* End PBXTargetDependency section */

/* Begin PBXVariantGroup section */
		BE815B331C6EAE7C00AD9128 /* Main.storyboard */ = {
			isa = PBXVariantGroup;
			children = (
				BE815B341C6EAE7C00AD9128 /* Base */,
			);
			name = Main.storyboard;
			sourceTree = "<group>";
		};
/* End PBXVariantGroup section */

/* Begin XCBuildConfiguration section */
		BE815B4D1C6EAE7D00AD9128 /* Debug */ = {
			isa = XCBuildConfiguration;
			buildSettings = {
				ALWAYS_SEARCH_USER_PATHS = NO;
				CLANG_CXX_LANGUAGE_STANDARD = "gnu++0x";
				CLANG_CXX_LIBRARY = "libc++";
				CLANG_ENABLE_MODULES = YES;
				CLANG_ENABLE_OBJC_ARC = YES;
				CLANG_WARN_BOOL_CONVERSION = YES;
				CLANG_WARN_CONSTANT_CONVERSION = YES;
				CLANG_WARN_DIRECT_OBJC_ISA_USAGE = YES_ERROR;
				CLANG_WARN_EMPTY_BODY = YES;
				CLANG_WARN_ENUM_CONVERSION = YES;
				CLANG_WARN_INT_CONVERSION = YES;
				CLANG_WARN_OBJC_ROOT_CLASS = YES_ERROR;
				CLANG_WARN_UNREACHABLE_CODE = YES;
				CLANG_WARN__DUPLICATE_METHOD_MATCH = YES;
				CODE_SIGN_IDENTITY = "-";
				COPY_PHASE_STRIP = NO;
				DEBUG_INFORMATION_FORMAT = dwarf;
				ENABLE_STRICT_OBJC_MSGSEND = YES;
				ENABLE_TESTABILITY = YES;
				GCC_C_LANGUAGE_STANDARD = gnu99;
				GCC_DYNAMIC_NO_PIC = NO;
				GCC_NO_COMMON_BLOCKS = YES;
				GCC_OPTIMIZATION_LEVEL = 0;
				GCC_PREPROCESSOR_DEFINITIONS = (
					"DEBUG=1",
					"$(inherited)",
				);
				GCC_WARN_64_TO_32_BIT_CONVERSION = YES;
				GCC_WARN_ABOUT_RETURN_TYPE = YES_ERROR;
				GCC_WARN_UNDECLARED_SELECTOR = YES;
				GCC_WARN_UNINITIALIZED_AUTOS = YES_AGGRESSIVE;
				GCC_WARN_UNUSED_FUNCTION = YES;
				GCC_WARN_UNUSED_VARIABLE = YES;
				MACOSX_DEPLOYMENT_TARGET = 10.11;
				MTL_ENABLE_DEBUG_INFO = YES;
				ONLY_ACTIVE_ARCH = YES;
				SDKROOT = macosx;
				SWIFT_OPTIMIZATION_LEVEL = "-Onone";
			};
			name = Debug;
		};
		BE815B4E1C6EAE7D00AD9128 /* Release */ = {
			isa = XCBuildConfiguration;
			buildSettings = {
				ALWAYS_SEARCH_USER_PATHS = NO;
				CLANG_CXX_LANGUAGE_STANDARD = "gnu++0x";
				CLANG_CXX_LIBRARY = "libc++";
				CLANG_ENABLE_MODULES = YES;
				CLANG_ENABLE_OBJC_ARC = YES;
				CLANG_WARN_BOOL_CONVERSION = YES;
				CLANG_WARN_CONSTANT_CONVERSION = YES;
				CLANG_WARN_DIRECT_OBJC_ISA_USAGE = YES_ERROR;
				CLANG_WARN_EMPTY_BODY = YES;
				CLANG_WARN_ENUM_CONVERSION = YES;
				CLANG_WARN_INT_CONVERSION = YES;
				CLANG_WARN_OBJC_ROOT_CLASS = YES_ERROR;
				CLANG_WARN_UNREACHABLE_CODE = YES;
				CLANG_WARN__DUPLICATE_METHOD_MATCH = YES;
				CODE_SIGN_IDENTITY = "-";
				COPY_PHASE_STRIP = NO;
				DEBUG_INFORMATION_FORMAT = "dwarf-with-dsym";
				ENABLE_NS_ASSERTIONS = NO;
				ENABLE_STRICT_OBJC_MSGSEND = YES;
				GCC_C_LANGUAGE_STANDARD = gnu99;
				GCC_NO_COMMON_BLOCKS = YES;
				GCC_WARN_64_TO_32_BIT_CONVERSION = YES;
				GCC_WARN_ABOUT_RETURN_TYPE = YES_ERROR;
				GCC_WARN_UNDECLARED_SELECTOR = YES;
				GCC_WARN_UNINITIALIZED_AUTOS = YES_AGGRESSIVE;
				GCC_WARN_UNUSED_FUNCTION = YES;
				GCC_WARN_UNUSED_VARIABLE = YES;
				MACOSX_DEPLOYMENT_TARGET = 10.11;
				MTL_ENABLE_DEBUG_INFO = NO;
				SDKROOT = macosx;
			};
			name = Release;
		};
		BE815B501C6EAE7D00AD9128 /* Debug */ = {
			isa = XCBuildConfiguration;
			baseConfigurationReference = 799229B5D0A9FAAB54E0F07A /* Pods-lightshow.debug.xcconfig */;
			buildSettings = {
				ASSETCATALOG_COMPILER_APPICON_NAME = AppIcon;
				COMBINE_HIDPI_IMAGES = YES;
				INFOPLIST_FILE = lightshow/Info.plist;
				LD_RUNPATH_SEARCH_PATHS = "$(inherited) @executable_path/../Frameworks";
				PRODUCT_BUNDLE_IDENTIFIER = io.townsend.lightshow;
				PRODUCT_NAME = "$(TARGET_NAME)";
				SWIFT_OBJC_BRIDGING_HEADER = "lightshow/lightshow-Bridging-Header.h";
			};
			name = Debug;
		};
		BE815B511C6EAE7D00AD9128 /* Release */ = {
			isa = XCBuildConfiguration;
			baseConfigurationReference = EF148DAD9D0A64C3D2B718CA /* Pods-lightshow.release.xcconfig */;
			buildSettings = {
				ASSETCATALOG_COMPILER_APPICON_NAME = AppIcon;
				COMBINE_HIDPI_IMAGES = YES;
				INFOPLIST_FILE = lightshow/Info.plist;
				LD_RUNPATH_SEARCH_PATHS = "$(inherited) @executable_path/../Frameworks";
				PRODUCT_BUNDLE_IDENTIFIER = io.townsend.lightshow;
				PRODUCT_NAME = "$(TARGET_NAME)";
				SWIFT_OBJC_BRIDGING_HEADER = "lightshow/lightshow-Bridging-Header.h";
			};
			name = Release;
		};
		BE815B531C6EAE7D00AD9128 /* Debug */ = {
			isa = XCBuildConfiguration;
			buildSettings = {
				BUNDLE_LOADER = "$(TEST_HOST)";
				COMBINE_HIDPI_IMAGES = YES;
				INFOPLIST_FILE = lightshowTests/Info.plist;
				LD_RUNPATH_SEARCH_PATHS = "$(inherited) @executable_path/../Frameworks @loader_path/../Frameworks";
				PRODUCT_BUNDLE_IDENTIFIER = io.townsend.lightshowTests;
				PRODUCT_NAME = "$(TARGET_NAME)";
				TEST_HOST = "$(BUILT_PRODUCTS_DIR)/lightshow.app/Contents/MacOS/lightshow";
			};
			name = Debug;
		};
		BE815B541C6EAE7D00AD9128 /* Release */ = {
			isa = XCBuildConfiguration;
			buildSettings = {
				BUNDLE_LOADER = "$(TEST_HOST)";
				COMBINE_HIDPI_IMAGES = YES;
				INFOPLIST_FILE = lightshowTests/Info.plist;
				LD_RUNPATH_SEARCH_PATHS = "$(inherited) @executable_path/../Frameworks @loader_path/../Frameworks";
				PRODUCT_BUNDLE_IDENTIFIER = io.townsend.lightshowTests;
				PRODUCT_NAME = "$(TARGET_NAME)";
				TEST_HOST = "$(BUILT_PRODUCTS_DIR)/lightshow.app/Contents/MacOS/lightshow";
			};
			name = Release;
		};
		BE815B561C6EAE7D00AD9128 /* Debug */ = {
			isa = XCBuildConfiguration;
			buildSettings = {
				COMBINE_HIDPI_IMAGES = YES;
				INFOPLIST_FILE = lightshowUITests/Info.plist;
				LD_RUNPATH_SEARCH_PATHS = "$(inherited) @executable_path/../Frameworks @loader_path/../Frameworks";
				PRODUCT_BUNDLE_IDENTIFIER = io.townsend.lightshowUITests;
				PRODUCT_NAME = "$(TARGET_NAME)";
				TEST_TARGET_NAME = lightshow;
				USES_XCTRUNNER = YES;
			};
			name = Debug;
		};
		BE815B571C6EAE7D00AD9128 /* Release */ = {
			isa = XCBuildConfiguration;
			buildSettings = {
				COMBINE_HIDPI_IMAGES = YES;
				INFOPLIST_FILE = lightshowUITests/Info.plist;
				LD_RUNPATH_SEARCH_PATHS = "$(inherited) @executable_path/../Frameworks @loader_path/../Frameworks";
				PRODUCT_BUNDLE_IDENTIFIER = io.townsend.lightshowUITests;
				PRODUCT_NAME = "$(TARGET_NAME)";
				TEST_TARGET_NAME = lightshow;
				USES_XCTRUNNER = YES;
			};
			name = Release;
		};
/* End XCBuildConfiguration section */

/* Begin XCConfigurationList section */
		BE815B251C6EAE7C00AD9128 /* Build configuration list for PBXProject "lightshow" */ = {
			isa = XCConfigurationList;
			buildConfigurations = (
				BE815B4D1C6EAE7D00AD9128 /* Debug */,
				BE815B4E1C6EAE7D00AD9128 /* Release */,
			);
			defaultConfigurationIsVisible = 0;
			defaultConfigurationName = Release;
		};
		BE815B4F1C6EAE7D00AD9128 /* Build configuration list for PBXNativeTarget "lightshow" */ = {
			isa = XCConfigurationList;
			buildConfigurations = (
				BE815B501C6EAE7D00AD9128 /* Debug */,
				BE815B511C6EAE7D00AD9128 /* Release */,
			);
			defaultConfigurationIsVisible = 0;
			defaultConfigurationName = Release;
		};
		BE815B521C6EAE7D00AD9128 /* Build configuration list for PBXNativeTarget "lightshowTests" */ = {
			isa = XCConfigurationList;
			buildConfigurations = (
				BE815B531C6EAE7D00AD9128 /* Debug */,
				BE815B541C6EAE7D00AD9128 /* Release */,
			);
			defaultConfigurationIsVisible = 0;
			defaultConfigurationName = Release;
		};
		BE815B551C6EAE7D00AD9128 /* Build configuration list for PBXNativeTarget "lightshowUITests" */ = {
			isa = XCConfigurationList;
			buildConfigurations = (
				BE815B561C6EAE7D00AD9128 /* Debug */,
				BE815B571C6EAE7D00AD9128 /* Release */,
			);
			defaultConfigurationIsVisible = 0;
			defaultConfigurationName = Release;
		};
/* End XCConfigurationList section */
	};
	rootObject = BE815B221C6EAE7C00AD9128 /* Project object */;
}
